
Microsoft Visual Studio Solution File, Format Version 12.00
# Visual Studio Version 17
VisualStudioVersion = 17.8.34330.188
MinimumVisualStudioVersion = 10.0.40219.1
Project("{FAE04EC0-301F-11D3-BF4B-00C04F79EFBC}") = "MongoDbPortfolio", "MongoDbPortfolio\MongoDbPortfolio.csproj", "{9FF72CC5-2FA0-43E8-B438-F96AE8FA05E1}"
EndProject
Global
	GlobalSection(SolutionConfigurationPlatforms) = preSolution
		Debug|Any CPU = Debug|Any CPU
		Release|Any CPU = Release|Any CPU
	EndGlobalSection
	GlobalSection(ProjectConfigurationPlatforms) = postSolution
		{9FF72CC5-2FA0-43E8-B438-F96AE8FA05E1}.Debug|Any CPU.ActiveCfg = Debug|Any CPU
		{9FF72CC5-2FA0-43E8-B438-F96AE8FA05E1}.Debug|Any CPU.Build.0 = Debug|Any CPU
		{9FF72CC5-2FA0-43E8-B438-F96AE8FA05E1}.Release|Any CPU.ActiveCfg = Release|Any CPU
		{9FF72CC5-2FA0-43E8-B438-F96AE8FA05E1}.Release|Any CPU.Build.0 = Release|Any CPU
	EndGlobalSection
	GlobalSection(SolutionProperties) = preSolution
		HideSolutionNode = FALSE
	EndGlobalSection
	GlobalSection(ExtensibilityGlobals) = postSolution
		SolutionGuid = {3129BD07-56E3-4E8B-8F39-4E9028414AE3}
	EndGlobalSection
EndGlobal
